// !$*UTF8*$!
{
	archiveVersion = 1;
	classes = {
	};
	objectVersion = 56;
	objects = {

/* Begin PBXBuildFile section */
		63B8302728F6FD9F009C9C3C /* Endpoint.swift in Sources */ = {isa = PBXBuildFile; fileRef = 63B8302628F6FD9F009C9C3C /* Endpoint.swift */; };
		63B8302928F70022009C9C3C /* Result.swift in Sources */ = {isa = PBXBuildFile; fileRef = 63B8302828F70022009C9C3C /* Result.swift */; };
		63B8302B28F7011A009C9C3C /* JSONClient.swift in Sources */ = {isa = PBXBuildFile; fileRef = 63B8302A28F70119009C9C3C /* JSONClient.swift */; };
		63B8302D28F71EA6009C9C3C /* MovieDBJSONClient.swift in Sources */ = {isa = PBXBuildFile; fileRef = 63B8302C28F71EA6009C9C3C /* MovieDBJSONClient.swift */; };
		63B8302F28F87AE2009C9C3C /* Genre.swift in Sources */ = {isa = PBXBuildFile; fileRef = 63B8302E28F87AE2009C9C3C /* Genre.swift */; };
		63D3EF8428F42228002274A4 /* AppDelegate.swift in Sources */ = {isa = PBXBuildFile; fileRef = 63D3EF8328F42228002274A4 /* AppDelegate.swift */; };
		63D3EF8628F42228002274A4 /* SceneDelegate.swift in Sources */ = {isa = PBXBuildFile; fileRef = 63D3EF8528F42228002274A4 /* SceneDelegate.swift */; };
		63D3EF8828F42228002274A4 /* LibraryViewController.swift in Sources */ = {isa = PBXBuildFile; fileRef = 63D3EF8728F42228002274A4 /* LibraryViewController.swift */; };
		63D3EF8D28F42229002274A4 /* Assets.xcassets in Resources */ = {isa = PBXBuildFile; fileRef = 63D3EF8C28F42229002274A4 /* Assets.xcassets */; };
		63D3EF9028F42229002274A4 /* LaunchScreen.storyboard in Resources */ = {isa = PBXBuildFile; fileRef = 63D3EF8E28F42229002274A4 /* LaunchScreen.storyboard */; };
		63D3EF9D28F42762002274A4 /* TabbarViewController.swift in Sources */ = {isa = PBXBuildFile; fileRef = 63D3EF9C28F42762002274A4 /* TabbarViewController.swift */; };
		63D3EF9F28F44012002274A4 /* APIManager.swift in Sources */ = {isa = PBXBuildFile; fileRef = 63D3EF9E28F44012002274A4 /* APIManager.swift */; };
		63D3EFA128F4435A002274A4 /* DataModel.swift in Sources */ = {isa = PBXBuildFile; fileRef = 63D3EFA028F4435A002274A4 /* DataModel.swift */; };
		63D3EFA328F44A46002274A4 /* ViewModel.swift in Sources */ = {isa = PBXBuildFile; fileRef = 63D3EFA228F44A46002274A4 /* ViewModel.swift */; };
		63D3EFA528F53008002274A4 /* CollectionViewCell.swift in Sources */ = {isa = PBXBuildFile; fileRef = 63D3EFA428F53008002274A4 /* CollectionViewCell.swift */; };
		63F7991C28FD37DD00837CCA /* CollectionViewHeader.swift in Sources */ = {isa = PBXBuildFile; fileRef = 63F7991B28FD37DD00837CCA /* CollectionViewHeader.swift */; };
		63F7991E28FD608600837CCA /* GenreJSONClient.swift in Sources */ = {isa = PBXBuildFile; fileRef = 63F7991D28FD608600837CCA /* GenreJSONClient.swift */; };
/* End PBXBuildFile section */

/* Begin PBXFileReference section */
		63B8302628F6FD9F009C9C3C /* Endpoint.swift */ = {isa = PBXFileReference; lastKnownFileType = sourcecode.swift; path = Endpoint.swift; sourceTree = "<group>"; };
		63B8302828F70022009C9C3C /* Result.swift */ = {isa = PBXFileReference; lastKnownFileType = sourcecode.swift; path = Result.swift; sourceTree = "<group>"; };
		63B8302A28F70119009C9C3C /* JSONClient.swift */ = {isa = PBXFileReference; lastKnownFileType = sourcecode.swift; path = JSONClient.swift; sourceTree = "<group>"; };
		63B8302C28F71EA6009C9C3C /* MovieDBJSONClient.swift */ = {isa = PBXFileReference; lastKnownFileType = sourcecode.swift; path = MovieDBJSONClient.swift; sourceTree = "<group>"; };
		63B8302E28F87AE2009C9C3C /* Genre.swift */ = {isa = PBXFileReference; lastKnownFileType = sourcecode.swift; path = Genre.swift; sourceTree = "<group>"; };
		63D3EF8028F42228002274A4 /* MovieListMVVM.app */ = {isa = PBXFileReference; explicitFileType = wrapper.application; includeInIndex = 0; path = MovieListMVVM.app; sourceTree = BUILT_PRODUCTS_DIR; };
		63D3EF8328F42228002274A4 /* AppDelegate.swift */ = {isa = PBXFileReference; lastKnownFileType = sourcecode.swift; path = AppDelegate.swift; sourceTree = "<group>"; };
		63D3EF8528F42228002274A4 /* SceneDelegate.swift */ = {isa = PBXFileReference; lastKnownFileType = sourcecode.swift; path = SceneDelegate.swift; sourceTree = "<group>"; };
		63D3EF8728F42228002274A4 /* LibraryViewController.swift */ = {isa = PBXFileReference; lastKnownFileType = sourcecode.swift; path = LibraryViewController.swift; sourceTree = "<group>"; };
		63D3EF8C28F42229002274A4 /* Assets.xcassets */ = {isa = PBXFileReference; lastKnownFileType = folder.assetcatalog; path = Assets.xcassets; sourceTree = "<group>"; };
		63D3EF8F28F42229002274A4 /* Base */ = {isa = PBXFileReference; lastKnownFileType = file.storyboard; name = Base; path = Base.lproj/LaunchScreen.storyboard; sourceTree = "<group>"; };
		63D3EF9128F42229002274A4 /* Info.plist */ = {isa = PBXFileReference; lastKnownFileType = text.plist.xml; path = Info.plist; sourceTree = "<group>"; };
		63D3EF9C28F42762002274A4 /* TabbarViewController.swift */ = {isa = PBXFileReference; lastKnownFileType = sourcecode.swift; path = TabbarViewController.swift; sourceTree = "<group>"; };
		63D3EF9E28F44012002274A4 /* APIManager.swift */ = {isa = PBXFileReference; lastKnownFileType = sourcecode.swift; path = APIManager.swift; sourceTree = "<group>"; };
		63D3EFA028F4435A002274A4 /* DataModel.swift */ = {isa = PBXFileReference; lastKnownFileType = sourcecode.swift; path = DataModel.swift; sourceTree = "<group>"; };
		63D3EFA228F44A46002274A4 /* ViewModel.swift */ = {isa = PBXFileReference; lastKnownFileType = sourcecode.swift; path = ViewModel.swift; sourceTree = "<group>"; };
		63D3EFA428F53008002274A4 /* CollectionViewCell.swift */ = {isa = PBXFileReference; lastKnownFileType = sourcecode.swift; path = CollectionViewCell.swift; sourceTree = "<group>"; };
		63F7991B28FD37DD00837CCA /* CollectionViewHeader.swift */ = {isa = PBXFileReference; lastKnownFileType = sourcecode.swift; path = CollectionViewHeader.swift; sourceTree = "<group>"; };
		63F7991D28FD608600837CCA /* GenreJSONClient.swift */ = {isa = PBXFileReference; lastKnownFileType = sourcecode.swift; path = GenreJSONClient.swift; sourceTree = "<group>"; };
/* End PBXFileReference section */

/* Begin PBXFrameworksBuildPhase section */
		63D3EF7D28F42228002274A4 /* Frameworks */ = {
			isa = PBXFrameworksBuildPhase;
			buildActionMask = 2147483647;
			files = (
			);
			runOnlyForDeploymentPostprocessing = 0;
		};
/* End PBXFrameworksBuildPhase section */

/* Begin PBXGroup section */
		63B8302528F6FD61009C9C3C /* TabBar */ = {
			isa = PBXGroup;
			children = (
				63D3EF9C28F42762002274A4 /* TabbarViewController.swift */,
			);
			path = TabBar;
			sourceTree = "<group>";
		};
		63D3EF7728F42228002274A4 = {
			isa = PBXGroup;
			children = (
				63D3EF8228F42228002274A4 /* MovieListMVVM */,
				63D3EF8128F42228002274A4 /* Products */,
			);
			sourceTree = "<group>";
		};
		63D3EF8128F42228002274A4 /* Products */ = {
			isa = PBXGroup;
			children = (
				63D3EF8028F42228002274A4 /* MovieListMVVM.app */,
			);
			name = Products;
			sourceTree = "<group>";
		};
		63D3EF8228F42228002274A4 /* MovieListMVVM */ = {
			isa = PBXGroup;
			children = (
				63B8302528F6FD61009C9C3C /* TabBar */,
				63D3EF9828F426B6002274A4 /* LibraryView */,
				63D3EF9728F426AA002274A4 /* NetworkingModel */,
				63D3EF8328F42228002274A4 /* AppDelegate.swift */,
				63D3EF8528F42228002274A4 /* SceneDelegate.swift */,
				63D3EF8C28F42229002274A4 /* Assets.xcassets */,
				63D3EF8E28F42229002274A4 /* LaunchScreen.storyboard */,
				63D3EF9128F42229002274A4 /* Info.plist */,
			);
			path = MovieListMVVM;
			sourceTree = "<group>";
		};
		63D3EF9728F426AA002274A4 /* NetworkingModel */ = {
			isa = PBXGroup;
			children = (
				63D3EF9E28F44012002274A4 /* APIManager.swift */,
				63B8302628F6FD9F009C9C3C /* Endpoint.swift */,
				63B8302828F70022009C9C3C /* Result.swift */,
				63B8302A28F70119009C9C3C /* JSONClient.swift */,
				63B8302C28F71EA6009C9C3C /* MovieDBJSONClient.swift */,
				63F7991D28FD608600837CCA /* GenreJSONClient.swift */,
			);
			path = NetworkingModel;
			sourceTree = "<group>";
		};
		63D3EF9828F426B6002274A4 /* LibraryView */ = {
			isa = PBXGroup;
			children = (
				63F7991A28FC7F8A00837CCA /* View */,
				63F7991928FC7F3300837CCA /* Model */,
				63D3EF9A28F426D9002274A4 /* ViewModel */,
			);
			path = LibraryView;
			sourceTree = "<group>";
		};
		63D3EF9A28F426D9002274A4 /* ViewModel */ = {
			isa = PBXGroup;
			children = (
				63D3EFA228F44A46002274A4 /* ViewModel.swift */,
			);
			path = ViewModel;
			sourceTree = "<group>";
		};
		63F7991928FC7F3300837CCA /* Model */ = {
			isa = PBXGroup;
			children = (
				63D3EFA028F4435A002274A4 /* DataModel.swift */,
				63B8302E28F87AE2009C9C3C /* Genre.swift */,
			);
			path = Model;
			sourceTree = "<group>";
		};
		63F7991A28FC7F8A00837CCA /* View */ = {
			isa = PBXGroup;
			children = (
				63D3EF8728F42228002274A4 /* LibraryViewController.swift */,
				63D3EFA428F53008002274A4 /* CollectionViewCell.swift */,
				63F7991B28FD37DD00837CCA /* CollectionViewHeader.swift */,
			);
			path = View;
			sourceTree = "<group>";
		};
/* End PBXGroup section */

/* Begin PBXNativeTarget section */
		63D3EF7F28F42228002274A4 /* MovieListMVVM */ = {
			isa = PBXNativeTarget;
			buildConfigurationList = 63D3EF9428F42229002274A4 /* Build configuration list for PBXNativeTarget "MovieListMVVM" */;
			buildPhases = (
				63D3EF7C28F42228002274A4 /* Sources */,
				63D3EF7D28F42228002274A4 /* Frameworks */,
				63D3EF7E28F42228002274A4 /* Resources */,
			);
			buildRules = (
			);
			dependencies = (
			);
			name = MovieListMVVM;
			productName = MovieListMVVM;
			productReference = 63D3EF8028F42228002274A4 /* MovieListMVVM.app */;
			productType = "com.apple.product-type.application";
		};
/* End PBXNativeTarget section */

/* Begin PBXProject section */
		63D3EF7828F42228002274A4 /* Project object */ = {
			isa = PBXProject;
			attributes = {
				BuildIndependentTargetsInParallel = 1;
				LastSwiftUpdateCheck = 1400;
				LastUpgradeCheck = 1400;
				TargetAttributes = {
					63D3EF7F28F42228002274A4 = {
						CreatedOnToolsVersion = 14.0.1;
					};
				};
			};
			buildConfigurationList = 63D3EF7B28F42228002274A4 /* Build configuration list for PBXProject "MovieListMVVM" */;
			compatibilityVersion = "Xcode 14.0";
			developmentRegion = en;
			hasScannedForEncodings = 0;
			knownRegions = (
				en,
				Base,
			);
			mainGroup = 63D3EF7728F42228002274A4;
			productRefGroup = 63D3EF8128F42228002274A4 /* Products */;
			projectDirPath = "";
			projectRoot = "";
			targets = (
				63D3EF7F28F42228002274A4 /* MovieListMVVM */,
			);
		};
/* End PBXProject section */

/* Begin PBXResourcesBuildPhase section */
		63D3EF7E28F42228002274A4 /* Resources */ = {
			isa = PBXResourcesBuildPhase;
			buildActionMask = 2147483647;
			files = (
				63D3EF9028F42229002274A4 /* LaunchScreen.storyboard in Resources */,
				63D3EF8D28F42229002274A4 /* Assets.xcassets in Resources */,
			);
			runOnlyForDeploymentPostprocessing = 0;
		};
/* End PBXResourcesBuildPhase section */

/* Begin PBXSourcesBuildPhase section */
		63D3EF7C28F42228002274A4 /* Sources */ = {
			isa = PBXSourcesBuildPhase;
			buildActionMask = 2147483647;
			files = (
				63F7991E28FD608600837CCA /* GenreJSONClient.swift in Sources */,
				63D3EF9D28F42762002274A4 /* TabbarViewController.swift in Sources */,
				63F7991C28FD37DD00837CCA /* CollectionViewHeader.swift in Sources */,
				63B8302728F6FD9F009C9C3C /* Endpoint.swift in Sources */,
				63D3EF8828F42228002274A4 /* LibraryViewController.swift in Sources */,
				63D3EFA528F53008002274A4 /* CollectionViewCell.swift in Sources */,
				63D3EFA128F4435A002274A4 /* DataModel.swift in Sources */,
				63D3EF9F28F44012002274A4 /* APIManager.swift in Sources */,
				63B8302B28F7011A009C9C3C /* JSONClient.swift in Sources */,
				63B8302928F70022009C9C3C /* Result.swift in Sources */,
				63D3EF8428F42228002274A4 /* AppDelegate.swift in Sources */,
				63B8302F28F87AE2009C9C3C /* Genre.swift in Sources */,
				63B8302D28F71EA6009C9C3C /* MovieDBJSONClient.swift in Sources */,
				63D3EF8628F42228002274A4 /* SceneDelegate.swift in Sources */,
				63D3EFA328F44A46002274A4 /* ViewModel.swift in Sources */,
			);
			runOnlyForDeploymentPostprocessing = 0;
		};
/* End PBXSourcesBuildPhase section */

/* Begin PBXVariantGroup section */
		63D3EF8E28F42229002274A4 /* LaunchScreen.storyboard */ = {
			isa = PBXVariantGroup;
			children = (
				63D3EF8F28F42229002274A4 /* Base */,
			);
			name = LaunchScreen.storyboard;
			sourceTree = "<group>";
		};
/* End PBXVariantGroup section */

/* Begin XCBuildConfiguration section */
		63D3EF9228F42229002274A4 /* Debug */ = {
			isa = XCBuildConfiguration;
			buildSettings = {
				ALWAYS_SEARCH_USER_PATHS = NO;
				CLANG_ANALYZER_NONNULL = YES;
				CLANG_ANALYZER_NUMBER_OBJECT_CONVERSION = YES_AGGRESSIVE;
				CLANG_CXX_LANGUAGE_STANDARD = "gnu++20";
				CLANG_ENABLE_MODULES = YES;
				CLANG_ENABLE_OBJC_ARC = YES;
				CLANG_ENABLE_OBJC_WEAK = YES;
				CLANG_WARN_BLOCK_CAPTURE_AUTORELEASING = YES;
				CLANG_WARN_BOOL_CONVERSION = YES;
				CLANG_WARN_COMMA = YES;
				CLANG_WARN_CONSTANT_CONVERSION = YES;
				CLANG_WARN_DEPRECATED_OBJC_IMPLEMENTATIONS = YES;
				CLANG_WARN_DIRECT_OBJC_ISA_USAGE = YES_ERROR;
				CLANG_WARN_DOCUMENTATION_COMMENTS = YES;
				CLANG_WARN_EMPTY_BODY = YES;
				CLANG_WARN_ENUM_CONVERSION = YES;
				CLANG_WARN_INFINITE_RECURSION = YES;
				CLANG_WARN_INT_CONVERSION = YES;
				CLANG_WARN_NON_LITERAL_NULL_CONVERSION = YES;
				CLANG_WARN_OBJC_IMPLICIT_RETAIN_SELF = YES;
				CLANG_WARN_OBJC_LITERAL_CONVERSION = YES;
				CLANG_WARN_OBJC_ROOT_CLASS = YES_ERROR;
				CLANG_WARN_QUOTED_INCLUDE_IN_FRAMEWORK_HEADER = YES;
				CLANG_WARN_RANGE_LOOP_ANALYSIS = YES;
				CLANG_WARN_STRICT_PROTOTYPES = YES;
				CLANG_WARN_SUSPICIOUS_MOVE = YES;
				CLANG_WARN_UNGUARDED_AVAILABILITY = YES_AGGRESSIVE;
				CLANG_WARN_UNREACHABLE_CODE = YES;
				CLANG_WARN__DUPLICATE_METHOD_MATCH = YES;
				COPY_PHASE_STRIP = NO;
				DEBUG_INFORMATION_FORMAT = dwarf;
				ENABLE_STRICT_OBJC_MSGSEND = YES;
				ENABLE_TESTABILITY = YES;
				GCC_C_LANGUAGE_STANDARD = gnu11;
				GCC_DYNAMIC_NO_PIC = NO;
				GCC_NO_COMMON_BLOCKS = YES;
				GCC_OPTIMIZATION_LEVEL = 0;
				GCC_PREPROCESSOR_DEFINITIONS = (
					"DEBUG=1",
					"$(inherited)",
				);
				GCC_WARN_64_TO_32_BIT_CONVERSION = YES;
				GCC_WARN_ABOUT_RETURN_TYPE = YES_ERROR;
				GCC_WARN_UNDECLARED_SELECTOR = YES;
				GCC_WARN_UNINITIALIZED_AUTOS = YES_AGGRESSIVE;
				GCC_WARN_UNUSED_FUNCTION = YES;
				GCC_WARN_UNUSED_VARIABLE = YES;
				IPHONEOS_DEPLOYMENT_TARGET = 16.0;
				MTL_ENABLE_DEBUG_INFO = INCLUDE_SOURCE;
				MTL_FAST_MATH = YES;
				ONLY_ACTIVE_ARCH = YES;
				SDKROOT = iphoneos;
				SWIFT_ACTIVE_COMPILATION_CONDITIONS = DEBUG;
				SWIFT_OPTIMIZATION_LEVEL = "-Onone";
			};
			name = Debug;
		};
		63D3EF9328F42229002274A4 /* Release */ = {
			isa = XCBuildConfiguration;
			buildSettings = {
				ALWAYS_SEARCH_USER_PATHS = NO;
				CLANG_ANALYZER_NONNULL = YES;
				CLANG_ANALYZER_NUMBER_OBJECT_CONVERSION = YES_AGGRESSIVE;
				CLANG_CXX_LANGUAGE_STANDARD = "gnu++20";
				CLANG_ENABLE_MODULES = YES;
				CLANG_ENABLE_OBJC_ARC = YES;
				CLANG_ENABLE_OBJC_WEAK = YES;
				CLANG_WARN_BLOCK_CAPTURE_AUTORELEASING = YES;
				CLANG_WARN_BOOL_CONVERSION = YES;
				CLANG_WARN_COMMA = YES;
				CLANG_WARN_CONSTANT_CONVERSION = YES;
				CLANG_WARN_DEPRECATED_OBJC_IMPLEMENTATIONS = YES;
				CLANG_WARN_DIRECT_OBJC_ISA_USAGE = YES_ERROR;
				CLANG_WARN_DOCUMENTATION_COMMENTS = YES;
				CLANG_WARN_EMPTY_BODY = YES;
				CLANG_WARN_ENUM_CONVERSION = YES;
				CLANG_WARN_INFINITE_RECURSION = YES;
				CLANG_WARN_INT_CONVERSION = YES;
				CLANG_WARN_NON_LITERAL_NULL_CONVERSION = YES;
				CLANG_WARN_OBJC_IMPLICIT_RETAIN_SELF = YES;
				CLANG_WARN_OBJC_LITERAL_CONVERSION = YES;
				CLANG_WARN_OBJC_ROOT_CLASS = YES_ERROR;
				CLANG_WARN_QUOTED_INCLUDE_IN_FRAMEWORK_HEADER = YES;
				CLANG_WARN_RANGE_LOOP_ANALYSIS = YES;
				CLANG_WARN_STRICT_PROTOTYPES = YES;
				CLANG_WARN_SUSPICIOUS_MOVE = YES;
				CLANG_WARN_UNGUARDED_AVAILABILITY = YES_AGGRESSIVE;
				CLANG_WARN_UNREACHABLE_CODE = YES;
				CLANG_WARN__DUPLICATE_METHOD_MATCH = YES;
				COPY_PHASE_STRIP = NO;
				DEBUG_INFORMATION_FORMAT = "dwarf-with-dsym";
				ENABLE_NS_ASSERTIONS = NO;
				ENABLE_STRICT_OBJC_MSGSEND = YES;
				GCC_C_LANGUAGE_STANDARD = gnu11;
				GCC_NO_COMMON_BLOCKS = YES;
				GCC_WARN_64_TO_32_BIT_CONVERSION = YES;
				GCC_WARN_ABOUT_RETURN_TYPE = YES_ERROR;
				GCC_WARN_UNDECLARED_SELECTOR = YES;
				GCC_WARN_UNINITIALIZED_AUTOS = YES_AGGRESSIVE;
				GCC_WARN_UNUSED_FUNCTION = YES;
				GCC_WARN_UNUSED_VARIABLE = YES;
				IPHONEOS_DEPLOYMENT_TARGET = 16.0;
				MTL_ENABLE_DEBUG_INFO = NO;
				MTL_FAST_MATH = YES;
				SDKROOT = iphoneos;
				SWIFT_COMPILATION_MODE = wholemodule;
				SWIFT_OPTIMIZATION_LEVEL = "-O";
				VALIDATE_PRODUCT = YES;
			};
			name = Release;
		};
		63D3EF9528F42229002274A4 /* Debug */ = {
			isa = XCBuildConfiguration;
			buildSettings = {
				ASSETCATALOG_COMPILER_APPICON_NAME = AppIcon;
				ASSETCATALOG_COMPILER_GLOBAL_ACCENT_COLOR_NAME = AccentColor;
				CODE_SIGN_STYLE = Automatic;
				CURRENT_PROJECT_VERSION = 1;
				DEVELOPMENT_TEAM = DZKQDMND74;
				GENERATE_INFOPLIST_FILE = YES;
				INFOPLIST_FILE = MovieListMVVM/Info.plist;
				INFOPLIST_KEY_UIApplicationSupportsIndirectInputEvents = YES;
				INFOPLIST_KEY_UILaunchStoryboardName = LaunchScreen.storyboard;
				INFOPLIST_KEY_UISupportedInterfaceOrientations_iPad = "UIInterfaceOrientationPortrait UIInterfaceOrientationPortraitUpsideDown UIInterfaceOrientationLandscapeLeft UIInterfaceOrientationLandscapeRight";
				INFOPLIST_KEY_UISupportedInterfaceOrientations_iPhone = "UIInterfaceOrientationPortrait UIInterfaceOrientationLandscapeLeft UIInterfaceOrientationLandscapeRight";
				IPHONEOS_DEPLOYMENT_TARGET = 13.0;
				LD_RUNPATH_SEARCH_PATHS = (
					"$(inherited)",
					"@executable_path/Frameworks",
				);
				MARKETING_VERSION = 1.0;
				PRODUCT_BUNDLE_IDENTIFIER = com.keskin.MovieListMVVM;
				PRODUCT_NAME = "$(TARGET_NAME)";
				SWIFT_EMIT_LOC_STRINGS = YES;
				SWIFT_VERSION = 5.0;
				TARGETED_DEVICE_FAMILY = "1,2";
			};
			name = Debug;
		};
		63D3EF9628F42229002274A4 /* Release */ = {
			isa = XCBuildConfiguration;
			buildSettings = {
				ASSETCATALOG_COMPILER_APPICON_NAME = AppIcon;
				ASSETCATALOG_COMPILER_GLOBAL_ACCENT_COLOR_NAME = AccentColor;
				CODE_SIGN_STYLE = Automatic;
				CURRENT_PROJECT_VERSION = 1;
				DEVELOPMENT_TEAM = DZKQDMND74;
				GENERATE_INFOPLIST_FILE = YES;
				INFOPLIST_FILE = MovieListMVVM/Info.plist;
				INFOPLIST_KEY_UIApplicationSupportsIndirectInputEvents = YES;
				INFOPLIST_KEY_UILaunchStoryboardName = LaunchScreen.storyboard;
				INFOPLIST_KEY_UISupportedInterfaceOrientations_iPad = "UIInterfaceOrientationPortrait UIInterfaceOrientationPortraitUpsideDown UIInterfaceOrientationLandscapeLeft UIInterfaceOrientationLandscapeRight";
				INFOPLIST_KEY_UISupportedInterfaceOrientations_iPhone = "UIInterfaceOrientationPortrait UIInterfaceOrientationLandscapeLeft UIInterfaceOrientationLandscapeRight";
				IPHONEOS_DEPLOYMENT_TARGET = 13.0;
				LD_RUNPATH_SEARCH_PATHS = (
					"$(inherited)",
					"@executable_path/Frameworks",
				);
				MARKETING_VERSION = 1.0;
				PRODUCT_BUNDLE_IDENTIFIER = com.keskin.MovieListMVVM;
				PRODUCT_NAME = "$(TARGET_NAME)";
				SWIFT_EMIT_LOC_STRINGS = YES;
				SWIFT_VERSION = 5.0;
				TARGETED_DEVICE_FAMILY = "1,2";
			};
			name = Release;
		};
/* End XCBuildConfiguration section */

/* Begin XCConfigurationList section */
		63D3EF7B28F42228002274A4 /* Build configuration list for PBXProject "MovieListMVVM" */ = {
			isa = XCConfigurationList;
			buildConfigurations = (
				63D3EF9228F42229002274A4 /* Debug */,
				63D3EF9328F42229002274A4 /* Release */,
			);
			defaultConfigurationIsVisible = 0;
			defaultConfigurationName = Release;
		};
		63D3EF9428F42229002274A4 /* Build configuration list for PBXNativeTarget "MovieListMVVM" */ = {
			isa = XCConfigurationList;
			buildConfigurations = (
				63D3EF9528F42229002274A4 /* Debug */,
				63D3EF9628F42229002274A4 /* Release */,
			);
			defaultConfigurationIsVisible = 0;
			defaultConfigurationName = Release;
		};
/* End XCConfigurationList section */
	};
	rootObject = 63D3EF7828F42228002274A4 /* Project object */;
}
